
Microsoft Visual Studio Solution File, Format Version 12.00
# Visual Studio Version 16
VisualStudioVersion = 16.0.29709.97
MinimumVisualStudioVersion = 10.0.40219.1
Project("{FAE04EC0-301F-11D3-BF4B-00C04F79EFBC}") = "LReq.BeautyParlour.UWP", "LReq.BeautyParlour\LReq.BeautyParlour.UWP\LReq.BeautyParlour.UWP.csproj", "{3A7A77A8-C367-4E41-990D-56F722C0A4C0}"
EndProject
Project("{FAE04EC0-301F-11D3-BF4B-00C04F79EFBC}") = "LReq.BeautyParlour.Android", "LReq.BeautyParlour\LReq.BeautyParlour.Android\LReq.BeautyParlour.Android.csproj", "{98506505-A2A0-4274-BBDB-ECF516D4BA9C}"
EndProject
Project("{FAE04EC0-301F-11D3-BF4B-00C04F79EFBC}") = "LReq.BeautyParlour.iOS", "LReq.BeautyParlour\LReq.BeautyParlour.iOS\LReq.BeautyParlour.iOS.csproj", "{4F752B72-F0F3-4224-82E1-EECF4127E503}"
EndProject
Project("{9A19103F-16F7-4668-BE54-9A1E7A4F7556}") = "LReq.BeautyParlour", "LReq.BeautyParlour\LReq.BeautyParlour\LReq.BeautyParlour.csproj", "{28809B62-9F2E-4655-849F-126F4E441629}"
EndProject
Project("{FAE04EC0-301F-11D3-BF4B-00C04F79EFBC}") = "LReq.BeautyParlour.Blazor", "LReq.BeautyParlour.Blazor\LReq.BeautyParlour.Blazor.csproj", "{1C1D48E5-5842-472A-AAAD-6D8BAD3C9185}"
EndProject
Global
	GlobalSection(SolutionConfigurationPlatforms) = preSolution
		Debug|Any CPU = Debug|Any CPU
		Debug|ARM = Debug|ARM
		Debug|iPhone = Debug|iPhone
		Debug|iPhoneSimulator = Debug|iPhoneSimulator
		Debug|x64 = Debug|x64
		Debug|x86 = Debug|x86
		Release|Any CPU = Release|Any CPU
		Release|ARM = Release|ARM
		Release|iPhone = Release|iPhone
		Release|iPhoneSimulator = Release|iPhoneSimulator
		Release|x64 = Release|x64
		Release|x86 = Release|x86
	EndGlobalSection
	GlobalSection(ProjectConfigurationPlatforms) = postSolution
		{3A7A77A8-C367-4E41-990D-56F722C0A4C0}.Debug|Any CPU.ActiveCfg = Debug|x86
		{3A7A77A8-C367-4E41-990D-56F722C0A4C0}.Debug|Any CPU.Build.0 = Debug|x86
		{3A7A77A8-C367-4E41-990D-56F722C0A4C0}.Debug|Any CPU.Deploy.0 = Debug|x86
		{3A7A77A8-C367-4E41-990D-56F722C0A4C0}.Debug|ARM.ActiveCfg = Debug|ARM
		{3A7A77A8-C367-4E41-990D-56F722C0A4C0}.Debug|ARM.Build.0 = Debug|ARM
		{3A7A77A8-C367-4E41-990D-56F722C0A4C0}.Debug|ARM.Deploy.0 = Debug|ARM
		{3A7A77A8-C367-4E41-990D-56F722C0A4C0}.Debug|iPhone.ActiveCfg = Debug|x86
		{3A7A77A8-C367-4E41-990D-56F722C0A4C0}.Debug|iPhone.Build.0 = Debug|x86
		{3A7A77A8-C367-4E41-990D-56F722C0A4C0}.Debug|iPhone.Deploy.0 = Debug|x86
		{3A7A77A8-C367-4E41-990D-56F722C0A4C0}.Debug|iPhoneSimulator.ActiveCfg = Debug|x86
		{3A7A77A8-C367-4E41-990D-56F722C0A4C0}.Debug|iPhoneSimulator.Build.0 = Debug|x86
		{3A7A77A8-C367-4E41-990D-56F722C0A4C0}.Debug|iPhoneSimulator.Deploy.0 = Debug|x86
		{3A7A77A8-C367-4E41-990D-56F722C0A4C0}.Debug|x64.ActiveCfg = Debug|x64
		{3A7A77A8-C367-4E41-990D-56F722C0A4C0}.Debug|x64.Build.0 = Debug|x64
		{3A7A77A8-C367-4E41-990D-56F722C0A4C0}.Debug|x64.Deploy.0 = Debug|x64
		{3A7A77A8-C367-4E41-990D-56F722C0A4C0}.Debug|x86.ActiveCfg = Debug|x86
		{3A7A77A8-C367-4E41-990D-56F722C0A4C0}.Debug|x86.Build.0 = Debug|x86
		{3A7A77A8-C367-4E41-990D-56F722C0A4C0}.Debug|x86.Deploy.0 = Debug|x86
		{3A7A77A8-C367-4E41-990D-56F722C0A4C0}.Release|Any CPU.ActiveCfg = Release|x86
		{3A7A77A8-C367-4E41-990D-56F722C0A4C0}.Release|Any CPU.Build.0 = Release|x86
		{3A7A77A8-C367-4E41-990D-56F722C0A4C0}.Release|Any CPU.Deploy.0 = Release|x86
		{3A7A77A8-C367-4E41-990D-56F722C0A4C0}.Release|ARM.ActiveCfg = Release|ARM
		{3A7A77A8-C367-4E41-990D-56F722C0A4C0}.Release|ARM.Build.0 = Release|ARM
		{3A7A77A8-C367-4E41-990D-56F722C0A4C0}.Release|ARM.Deploy.0 = Release|ARM
		{3A7A77A8-C367-4E41-990D-56F722C0A4C0}.Release|iPhone.ActiveCfg = Release|x86
		{3A7A77A8-C367-4E41-990D-56F722C0A4C0}.Release|iPhone.Build.0 = Release|x86
		{3A7A77A8-C367-4E41-990D-56F722C0A4C0}.Release|iPhone.Deploy.0 = Release|x86
		{3A7A77A8-C367-4E41-990D-56F722C0A4C0}.Release|iPhoneSimulator.ActiveCfg = Release|x86
		{3A7A77A8-C367-4E41-990D-56F722C0A4C0}.Release|iPhoneSimulator.Build.0 = Release|x86
		{3A7A77A8-C367-4E41-990D-56F722C0A4C0}.Release|iPhoneSimulator.Deploy.0 = Release|x86
		{3A7A77A8-C367-4E41-990D-56F722C0A4C0}.Release|x64.ActiveCfg = Release|x64
		{3A7A77A8-C367-4E41-990D-56F722C0A4C0}.Release|x64.Build.0 = Release|x64
		{3A7A77A8-C367-4E41-990D-56F722C0A4C0}.Release|x64.Deploy.0 = Release|x64
		{3A7A77A8-C367-4E41-990D-56F722C0A4C0}.Release|x86.ActiveCfg = Release|x86
		{3A7A77A8-C367-4E41-990D-56F722C0A4C0}.Release|x86.Build.0 = Release|x86
		{3A7A77A8-C367-4E41-990D-56F722C0A4C0}.Release|x86.Deploy.0 = Release|x86
		{98506505-A2A0-4274-BBDB-ECF516D4BA9C}.Debug|Any CPU.ActiveCfg = Debug|Any CPU
		{98506505-A2A0-4274-BBDB-ECF516D4BA9C}.Debug|Any CPU.Build.0 = Debug|Any CPU
		{98506505-A2A0-4274-BBDB-ECF516D4BA9C}.Debug|Any CPU.Deploy.0 = Debug|Any CPU
		{98506505-A2A0-4274-BBDB-ECF516D4BA9C}.Debug|ARM.ActiveCfg = Debug|Any CPU
		{98506505-A2A0-4274-BBDB-ECF516D4BA9C}.Debug|ARM.Build.0 = Debug|Any CPU
		{98506505-A2A0-4274-BBDB-ECF516D4BA9C}.Debug|ARM.Deploy.0 = Debug|Any CPU
		{98506505-A2A0-4274-BBDB-ECF516D4BA9C}.Debug|iPhone.ActiveCfg = Debug|Any CPU
		{98506505-A2A0-4274-BBDB-ECF516D4BA9C}.Debug|iPhone.Build.0 = Debug|Any CPU
		{98506505-A2A0-4274-BBDB-ECF516D4BA9C}.Debug|iPhone.Deploy.0 = Debug|Any CPU
		{98506505-A2A0-4274-BBDB-ECF516D4BA9C}.Debug|iPhoneSimulator.ActiveCfg = Debug|Any CPU
		{98506505-A2A0-4274-BBDB-ECF516D4BA9C}.Debug|iPhoneSimulator.Build.0 = Debug|Any CPU
		{98506505-A2A0-4274-BBDB-ECF516D4BA9C}.Debug|iPhoneSimulator.Deploy.0 = Debug|Any CPU
		{98506505-A2A0-4274-BBDB-ECF516D4BA9C}.Debug|x64.ActiveCfg = Debug|Any CPU
		{98506505-A2A0-4274-BBDB-ECF516D4BA9C}.Debug|x64.Build.0 = Debug|Any CPU
		{98506505-A2A0-4274-BBDB-ECF516D4BA9C}.Debug|x64.Deploy.0 = Debug|Any CPU
		{98506505-A2A0-4274-BBDB-ECF516D4BA9C}.Debug|x86.ActiveCfg = Debug|Any CPU
		{98506505-A2A0-4274-BBDB-ECF516D4BA9C}.Debug|x86.Build.0 = Debug|Any CPU
		{98506505-A2A0-4274-BBDB-ECF516D4BA9C}.Debug|x86.Deploy.0 = Debug|Any CPU
		{98506505-A2A0-4274-BBDB-ECF516D4BA9C}.Release|Any CPU.ActiveCfg = Release|Any CPU
		{98506505-A2A0-4274-BBDB-ECF516D4BA9C}.Release|Any CPU.Build.0 = Release|Any CPU
		{98506505-A2A0-4274-BBDB-ECF516D4BA9C}.Release|Any CPU.Deploy.0 = Release|Any CPU
		{98506505-A2A0-4274-BBDB-ECF516D4BA9C}.Release|ARM.ActiveCfg = Release|Any CPU
		{98506505-A2A0-4274-BBDB-ECF516D4BA9C}.Release|ARM.Build.0 = Release|Any CPU
		{98506505-A2A0-4274-BBDB-ECF516D4BA9C}.Release|ARM.Deploy.0 = Release|Any CPU
		{98506505-A2A0-4274-BBDB-ECF516D4BA9C}.Release|iPhone.ActiveCfg = Release|Any CPU
		{98506505-A2A0-4274-BBDB-ECF516D4BA9C}.Release|iPhone.Build.0 = Release|Any CPU
		{98506505-A2A0-4274-BBDB-ECF516D4BA9C}.Release|iPhone.Deploy.0 = Release|Any CPU
		{98506505-A2A0-4274-BBDB-ECF516D4BA9C}.Release|iPhoneSimulator.ActiveCfg = Release|Any CPU
		{98506505-A2A0-4274-BBDB-ECF516D4BA9C}.Release|iPhoneSimulator.Build.0 = Release|Any CPU
		{98506505-A2A0-4274-BBDB-ECF516D4BA9C}.Release|iPhoneSimulator.Deploy.0 = Release|Any CPU
		{98506505-A2A0-4274-BBDB-ECF516D4BA9C}.Release|x64.ActiveCfg = Release|Any CPU
		{98506505-A2A0-4274-BBDB-ECF516D4BA9C}.Release|x64.Build.0 = Release|Any CPU
		{98506505-A2A0-4274-BBDB-ECF516D4BA9C}.Release|x64.Deploy.0 = Release|Any CPU
		{98506505-A2A0-4274-BBDB-ECF516D4BA9C}.Release|x86.ActiveCfg = Release|Any CPU
		{98506505-A2A0-4274-BBDB-ECF516D4BA9C}.Release|x86.Build.0 = Release|Any CPU
		{98506505-A2A0-4274-BBDB-ECF516D4BA9C}.Release|x86.Deploy.0 = Release|Any CPU
		{4F752B72-F0F3-4224-82E1-EECF4127E503}.Debug|Any CPU.ActiveCfg = Debug|iPhone
		{4F752B72-F0F3-4224-82E1-EECF4127E503}.Debug|Any CPU.Build.0 = Debug|iPhone
		{4F752B72-F0F3-4224-82E1-EECF4127E503}.Debug|Any CPU.Deploy.0 = Debug|iPhone
		{4F752B72-F0F3-4224-82E1-EECF4127E503}.Debug|ARM.ActiveCfg = Debug|iPhoneSimulator
		{4F752B72-F0F3-4224-82E1-EECF4127E503}.Debug|ARM.Build.0 = Debug|iPhoneSimulator
		{4F752B72-F0F3-4224-82E1-EECF4127E503}.Debug|ARM.Deploy.0 = Debug|iPhoneSimulator
		{4F752B72-F0F3-4224-82E1-EECF4127E503}.Debug|iPhone.ActiveCfg = Debug|iPhone
		{4F752B72-F0F3-4224-82E1-EECF4127E503}.Debug|iPhone.Build.0 = Debug|iPhone
		{4F752B72-F0F3-4224-82E1-EECF4127E503}.Debug|iPhone.Deploy.0 = Debug|iPhone
		{4F752B72-F0F3-4224-82E1-EECF4127E503}.Debug|iPhoneSimulator.ActiveCfg = Debug|iPhoneSimulator
		{4F752B72-F0F3-4224-82E1-EECF4127E503}.Debug|iPhoneSimulator.Build.0 = Debug|iPhoneSimulator
		{4F752B72-F0F3-4224-82E1-EECF4127E503}.Debug|iPhoneSimulator.Deploy.0 = Debug|iPhoneSimulator
		{4F752B72-F0F3-4224-82E1-EECF4127E503}.Debug|x64.ActiveCfg = Debug|iPhone
		{4F752B72-F0F3-4224-82E1-EECF4127E503}.Debug|x64.Build.0 = Debug|iPhone
		{4F752B72-F0F3-4224-82E1-EECF4127E503}.Debug|x64.Deploy.0 = Debug|iPhone
		{4F752B72-F0F3-4224-82E1-EECF4127E503}.Debug|x86.ActiveCfg = Debug|iPhone
		{4F752B72-F0F3-4224-82E1-EECF4127E503}.Debug|x86.Build.0 = Debug|iPhone
		{4F752B72-F0F3-4224-82E1-EECF4127E503}.Debug|x86.Deploy.0 = Debug|iPhone
		{4F752B72-F0F3-4224-82E1-EECF4127E503}.Release|Any CPU.ActiveCfg = Release|iPhone
		{4F752B72-F0F3-4224-82E1-EECF4127E503}.Release|Any CPU.Build.0 = Release|iPhone
		{4F752B72-F0F3-4224-82E1-EECF4127E503}.Release|Any CPU.Deploy.0 = Release|iPhone
		{4F752B72-F0F3-4224-82E1-EECF4127E503}.Release|ARM.ActiveCfg = Release|iPhone
		{4F752B72-F0F3-4224-82E1-EECF4127E503}.Release|ARM.Build.0 = Release|iPhone
		{4F752B72-F0F3-4224-82E1-EECF4127E503}.Release|ARM.Deploy.0 = Release|iPhone
		{4F752B72-F0F3-4224-82E1-EECF4127E503}.Release|iPhone.ActiveCfg = Release|iPhone
		{4F752B72-F0F3-4224-82E1-EECF4127E503}.Release|iPhone.Build.0 = Release|iPhone
		{4F752B72-F0F3-4224-82E1-EECF4127E503}.Release|iPhone.Deploy.0 = Release|iPhone
		{4F752B72-F0F3-4224-82E1-EECF4127E503}.Release|iPhoneSimulator.ActiveCfg = Release|iPhoneSimulator
		{4F752B72-F0F3-4224-82E1-EECF4127E503}.Release|iPhoneSimulator.Build.0 = Release|iPhoneSimulator
		{4F752B72-F0F3-4224-82E1-EECF4127E503}.Release|iPhoneSimulator.Deploy.0 = Release|iPhoneSimulator
		{4F752B72-F0F3-4224-82E1-EECF4127E503}.Release|x64.ActiveCfg = Release|iPhone
		{4F752B72-F0F3-4224-82E1-EECF4127E503}.Release|x64.Build.0 = Release|iPhone
		{4F752B72-F0F3-4224-82E1-EECF4127E503}.Release|x64.Deploy.0 = Release|iPhone
		{4F752B72-F0F3-4224-82E1-EECF4127E503}.Release|x86.ActiveCfg = Release|iPhone
		{4F752B72-F0F3-4224-82E1-EECF4127E503}.Release|x86.Build.0 = Release|iPhone
		{4F752B72-F0F3-4224-82E1-EECF4127E503}.Release|x86.Deploy.0 = Release|iPhone
		{28809B62-9F2E-4655-849F-126F4E441629}.Debug|Any CPU.ActiveCfg = Debug|Any CPU
		{28809B62-9F2E-4655-849F-126F4E441629}.Debug|Any CPU.Build.0 = Debug|Any CPU
		{28809B62-9F2E-4655-849F-126F4E441629}.Debug|Any CPU.Deploy.0 = Debug|Any CPU
		{28809B62-9F2E-4655-849F-126F4E441629}.Debug|ARM.ActiveCfg = Debug|Any CPU
		{28809B62-9F2E-4655-849F-126F4E441629}.Debug|ARM.Build.0 = Debug|Any CPU
		{28809B62-9F2E-4655-849F-126F4E441629}.Debug|ARM.Deploy.0 = Debug|Any CPU
		{28809B62-9F2E-4655-849F-126F4E441629}.Debug|iPhone.ActiveCfg = Debug|Any CPU
		{28809B62-9F2E-4655-849F-126F4E441629}.Debug|iPhone.Build.0 = Debug|Any CPU
		{28809B62-9F2E-4655-849F-126F4E441629}.Debug|iPhone.Deploy.0 = Debug|Any CPU
		{28809B62-9F2E-4655-849F-126F4E441629}.Debug|iPhoneSimulator.ActiveCfg = Debug|Any CPU
		{28809B62-9F2E-4655-849F-126F4E441629}.Debug|iPhoneSimulator.Build.0 = Debug|Any CPU
		{28809B62-9F2E-4655-849F-126F4E441629}.Debug|iPhoneSimulator.Deploy.0 = Debug|Any CPU
		{28809B62-9F2E-4655-849F-126F4E441629}.Debug|x64.ActiveCfg = Debug|Any CPU
		{28809B62-9F2E-4655-849F-126F4E441629}.Debug|x64.Build.0 = Debug|Any CPU
		{28809B62-9F2E-4655-849F-126F4E441629}.Debug|x64.Deploy.0 = Debug|Any CPU
		{28809B62-9F2E-4655-849F-126F4E441629}.Debug|x86.ActiveCfg = Debug|Any CPU
		{28809B62-9F2E-4655-849F-126F4E441629}.Debug|x86.Build.0 = Debug|Any CPU
		{28809B62-9F2E-4655-849F-126F4E441629}.Debug|x86.Deploy.0 = Debug|Any CPU
		{28809B62-9F2E-4655-849F-126F4E441629}.Release|Any CPU.ActiveCfg = Release|Any CPU
		{28809B62-9F2E-4655-849F-126F4E441629}.Release|Any CPU.Build.0 = Release|Any CPU
		{28809B62-9F2E-4655-849F-126F4E441629}.Release|Any CPU.Deploy.0 = Release|Any CPU
		{28809B62-9F2E-4655-849F-126F4E441629}.Release|ARM.ActiveCfg = Release|Any CPU
		{28809B62-9F2E-4655-849F-126F4E441629}.Release|ARM.Build.0 = Release|Any CPU
		{28809B62-9F2E-4655-849F-126F4E441629}.Release|ARM.Deploy.0 = Release|Any CPU
		{28809B62-9F2E-4655-849F-126F4E441629}.Release|iPhone.ActiveCfg = Release|Any CPU
		{28809B62-9F2E-4655-849F-126F4E441629}.Release|iPhone.Build.0 = Release|Any CPU
		{28809B62-9F2E-4655-849F-126F4E441629}.Release|iPhone.Deploy.0 = Release|Any CPU
		{28809B62-9F2E-4655-849F-126F4E441629}.Release|iPhoneSimulator.ActiveCfg = Release|Any CPU
		{28809B62-9F2E-4655-849F-126F4E441629}.Release|iPhoneSimulator.Build.0 = Release|Any CPU
		{28809B62-9F2E-4655-849F-126F4E441629}.Release|iPhoneSimulator.Deploy.0 = Release|Any CPU
		{28809B62-9F2E-4655-849F-126F4E441629}.Release|x64.ActiveCfg = Release|Any CPU
		{28809B62-9F2E-4655-849F-126F4E441629}.Release|x64.Build.0 = Release|Any CPU
		{28809B62-9F2E-4655-849F-126F4E441629}.Release|x64.Deploy.0 = Release|Any CPU
		{28809B62-9F2E-4655-849F-126F4E441629}.Release|x86.ActiveCfg = Release|Any CPU
		{28809B62-9F2E-4655-849F-126F4E441629}.Release|x86.Build.0 = Release|Any CPU
		{28809B62-9F2E-4655-849F-126F4E441629}.Release|x86.Deploy.0 = Release|Any CPU
		{1C1D48E5-5842-472A-AAAD-6D8BAD3C9185}.Debug|Any CPU.ActiveCfg = Debug|Any CPU
		{1C1D48E5-5842-472A-AAAD-6D8BAD3C9185}.Debug|Any CPU.Build.0 = Debug|Any CPU
		{1C1D48E5-5842-472A-AAAD-6D8BAD3C9185}.Debug|ARM.ActiveCfg = Debug|Any CPU
		{1C1D48E5-5842-472A-AAAD-6D8BAD3C9185}.Debug|ARM.Build.0 = Debug|Any CPU
		{1C1D48E5-5842-472A-AAAD-6D8BAD3C9185}.Debug|iPhone.ActiveCfg = Debug|Any CPU
		{1C1D48E5-5842-472A-AAAD-6D8BAD3C9185}.Debug|iPhone.Build.0 = Debug|Any CPU
		{1C1D48E5-5842-472A-AAAD-6D8BAD3C9185}.Debug|iPhoneSimulator.ActiveCfg = Debug|Any CPU
		{1C1D48E5-5842-472A-AAAD-6D8BAD3C9185}.Debug|iPhoneSimulator.Build.0 = Debug|Any CPU
		{1C1D48E5-5842-472A-AAAD-6D8BAD3C9185}.Debug|x64.ActiveCfg = Debug|Any CPU
		{1C1D48E5-5842-472A-AAAD-6D8BAD3C9185}.Debug|x64.Build.0 = Debug|Any CPU
		{1C1D48E5-5842-472A-AAAD-6D8BAD3C9185}.Debug|x86.ActiveCfg = Debug|Any CPU
		{1C1D48E5-5842-472A-AAAD-6D8BAD3C9185}.Debug|x86.Build.0 = Debug|Any CPU
		{1C1D48E5-5842-472A-AAAD-6D8BAD3C9185}.Release|Any CPU.ActiveCfg = Release|Any CPU
		{1C1D48E5-5842-472A-AAAD-6D8BAD3C9185}.Release|Any CPU.Build.0 = Release|Any CPU
		{1C1D48E5-5842-472A-AAAD-6D8BAD3C9185}.Release|ARM.ActiveCfg = Release|Any CPU
		{1C1D48E5-5842-472A-AAAD-6D8BAD3C9185}.Release|ARM.Build.0 = Release|Any CPU
		{1C1D48E5-5842-472A-AAAD-6D8BAD3C9185}.Release|iPhone.ActiveCfg = Release|Any CPU
		{1C1D48E5-5842-472A-AAAD-6D8BAD3C9185}.Release|iPhone.Build.0 = Release|Any CPU
		{1C1D48E5-5842-472A-AAAD-6D8BAD3C9185}.Release|iPhoneSimulator.ActiveCfg = Release|Any CPU
		{1C1D48E5-5842-472A-AAAD-6D8BAD3C9185}.Release|iPhoneSimulator.Build.0 = Release|Any CPU
		{1C1D48E5-5842-472A-AAAD-6D8BAD3C9185}.Release|x64.ActiveCfg = Release|Any CPU
		{1C1D48E5-5842-472A-AAAD-6D8BAD3C9185}.Release|x64.Build.0 = Release|Any CPU
		{1C1D48E5-5842-472A-AAAD-6D8BAD3C9185}.Release|x86.ActiveCfg = Release|Any CPU
		{1C1D48E5-5842-472A-AAAD-6D8BAD3C9185}.Release|x86.Build.0 = Release|Any CPU
	EndGlobalSection
	GlobalSection(SolutionProperties) = preSolution
		HideSolutionNode = FALSE
	EndGlobalSection
	GlobalSection(ExtensibilityGlobals) = postSolution
		SolutionGuid = {E659365C-D224-4295-945C-E89DCC26145C}
	EndGlobalSection
EndGlobal
